
Microsoft Visual Studio Solution File, Format Version 12.00
# Visual Studio 15
VisualStudioVersion = 15.0.27016.1
MinimumVisualStudioVersion = 15.0
Project("{FAE04EC0-301F-11D3-BF4B-00C04F79EFBC}") = "Microsoft.Web.FxCop", "tools\src\Microsoft.Web.FxCop\Microsoft.Web.FxCop.csproj", "{F439D4E6-3FAC-4C30-9585-6D258133A2BF}"
EndProject
Global
	GlobalSection(SolutionConfigurationPlatforms) = preSolution
		Debug|Any CPU = Debug|Any CPU
		Release|Any CPU = Release|Any CPU
	EndGlobalSection
	GlobalSection(ProjectConfigurationPlatforms) = postSolution
		{F439D4E6-3FAC-4C30-9585-6D258133A2BF}.Debug|Any CPU.ActiveCfg = Debug|Any CPU
		{F439D4E6-3FAC-4C30-9585-6D258133A2BF}.Debug|Any CPU.Build.0 = Debug|Any CPU
		{F439D4E6-3FAC-4C30-9585-6D258133A2BF}.Release|Any CPU.ActiveCfg = Release|Any CPU
		{F439D4E6-3FAC-4C30-9585-6D258133A2BF}.Release|Any CPU.Build.0 = Release|Any CPU
	EndGlobalSection
	GlobalSection(SolutionProperties) = preSolution
		HideSolutionNode = FALSE
	EndGlobalSection
	GlobalSection(ExtensibilityGlobals) = postSolution
		SolutionGuid = {F8728741-0321-4EF6-9359-7DF2DCE6E99E}
	EndGlobalSection
EndGlobal
